
Microsoft Visual Studio Solution File, Format Version 12.00
# Visual Studio Version 17
VisualStudioVersion = 17.0.31903.59
MinimumVisualStudioVersion = 10.0.40219.1
Project("{FAE04EC0-301F-11D3-BF4B-00C04F79EFBC}") = "BuberDinner.Api", "BuberDinner.Api\BuberDinner.Api.csproj", "{EE88DF2C-DB23-4185-9A89-20E09CFDFE59}"
EndProject
Project("{FAE04EC0-301F-11D3-BF4B-00C04F79EFBC}") = "BuberDinner.Application", "BuberDinner.Application\BuberDinner.Application.csproj", "{F68B9A74-C2A6-4A06-A5D2-35D7B6AD100A}"
EndProject
Project("{FAE04EC0-301F-11D3-BF4B-00C04F79EFBC}") = "BuberDinner.Contracts", "BuberDinner.Contracts\BuberDinner.Contracts.csproj", "{F7A2B293-478D-4E91-8A3F-6EE3C8BB3C04}"
EndProject
Project("{FAE04EC0-301F-11D3-BF4B-00C04F79EFBC}") = "BuberDinner.Domain", "BuberDinner.Domain\BuberDinner.Domain.csproj", "{68BF7367-E778-4120-A94A-E7105D520D77}"
EndProject
Project("{FAE04EC0-301F-11D3-BF4B-00C04F79EFBC}") = "BuberDinner.Infrastrcuture", "BuberDinner.Infrastrcuture\BuberDinner.Infrastrcuture.csproj", "{60BF41A5-1F8C-43F6-BEDC-F3AC5A5E9101}"
EndProject
Global
	GlobalSection(SolutionConfigurationPlatforms) = preSolution
		Debug|Any CPU = Debug|Any CPU
		Release|Any CPU = Release|Any CPU
	EndGlobalSection
	GlobalSection(SolutionProperties) = preSolution
		HideSolutionNode = FALSE
	EndGlobalSection
	GlobalSection(ProjectConfigurationPlatforms) = postSolution
		{EE88DF2C-DB23-4185-9A89-20E09CFDFE59}.Debug|Any CPU.ActiveCfg = Debug|Any CPU
		{EE88DF2C-DB23-4185-9A89-20E09CFDFE59}.Debug|Any CPU.Build.0 = Debug|Any CPU
		{EE88DF2C-DB23-4185-9A89-20E09CFDFE59}.Release|Any CPU.ActiveCfg = Release|Any CPU
		{EE88DF2C-DB23-4185-9A89-20E09CFDFE59}.Release|Any CPU.Build.0 = Release|Any CPU
		{F68B9A74-C2A6-4A06-A5D2-35D7B6AD100A}.Debug|Any CPU.ActiveCfg = Debug|Any CPU
		{F68B9A74-C2A6-4A06-A5D2-35D7B6AD100A}.Debug|Any CPU.Build.0 = Debug|Any CPU
		{F68B9A74-C2A6-4A06-A5D2-35D7B6AD100A}.Release|Any CPU.ActiveCfg = Release|Any CPU
		{F68B9A74-C2A6-4A06-A5D2-35D7B6AD100A}.Release|Any CPU.Build.0 = Release|Any CPU
		{F7A2B293-478D-4E91-8A3F-6EE3C8BB3C04}.Debug|Any CPU.ActiveCfg = Debug|Any CPU
		{F7A2B293-478D-4E91-8A3F-6EE3C8BB3C04}.Debug|Any CPU.Build.0 = Debug|Any CPU
		{F7A2B293-478D-4E91-8A3F-6EE3C8BB3C04}.Release|Any CPU.ActiveCfg = Release|Any CPU
		{F7A2B293-478D-4E91-8A3F-6EE3C8BB3C04}.Release|Any CPU.Build.0 = Release|Any CPU
		{68BF7367-E778-4120-A94A-E7105D520D77}.Debug|Any CPU.ActiveCfg = Debug|Any CPU
		{68BF7367-E778-4120-A94A-E7105D520D77}.Debug|Any CPU.Build.0 = Debug|Any CPU
		{68BF7367-E778-4120-A94A-E7105D520D77}.Release|Any CPU.ActiveCfg = Release|Any CPU
		{68BF7367-E778-4120-A94A-E7105D520D77}.Release|Any CPU.Build.0 = Release|Any CPU
		{60BF41A5-1F8C-43F6-BEDC-F3AC5A5E9101}.Debug|Any CPU.ActiveCfg = Debug|Any CPU
		{60BF41A5-1F8C-43F6-BEDC-F3AC5A5E9101}.Debug|Any CPU.Build.0 = Debug|Any CPU
		{60BF41A5-1F8C-43F6-BEDC-F3AC5A5E9101}.Release|Any CPU.ActiveCfg = Release|Any CPU
		{60BF41A5-1F8C-43F6-BEDC-F3AC5A5E9101}.Release|Any CPU.Build.0 = Release|Any CPU
	EndGlobalSection
EndGlobal
